// !$*UTF8*$!
{
	archiveVersion = 1;
	classes = {
	};
	objectVersion = 55;
	objects = {

/* Begin PBXBuildFile section */
		F6D43DED28425759000EE0CE /* LifesumCodingChallengeApp.swift in Sources */ = {isa = PBXBuildFile; fileRef = F6D43DEC28425759000EE0CE /* LifesumCodingChallengeApp.swift */; };
		F6D43DEF28425759000EE0CE /* ContentView.swift in Sources */ = {isa = PBXBuildFile; fileRef = F6D43DEE28425759000EE0CE /* ContentView.swift */; };
		F6D43DF12842575B000EE0CE /* Assets.xcassets in Resources */ = {isa = PBXBuildFile; fileRef = F6D43DF02842575B000EE0CE /* Assets.xcassets */; };
		F6D43DF42842575B000EE0CE /* Preview Assets.xcassets in Resources */ = {isa = PBXBuildFile; fileRef = F6D43DF32842575B000EE0CE /* Preview Assets.xcassets */; };
		F6D43DFE2842575B000EE0CE /* LifesumCodingChallengeTests.swift in Sources */ = {isa = PBXBuildFile; fileRef = F6D43DFD2842575B000EE0CE /* LifesumCodingChallengeTests.swift */; };
		F6D43E082842575B000EE0CE /* LifesumCodingChallengeUITests.swift in Sources */ = {isa = PBXBuildFile; fileRef = F6D43E072842575B000EE0CE /* LifesumCodingChallengeUITests.swift */; };
		F6D43E0A2842575B000EE0CE /* LifesumCodingChallengeUITestsLaunchTests.swift in Sources */ = {isa = PBXBuildFile; fileRef = F6D43E092842575B000EE0CE /* LifesumCodingChallengeUITestsLaunchTests.swift */; };
/* End PBXBuildFile section */

/* Begin PBXContainerItemProxy section */
		F6D43DFA2842575B000EE0CE /* PBXContainerItemProxy */ = {
			isa = PBXContainerItemProxy;
			containerPortal = F6D43DE128425759000EE0CE /* Project object */;
			proxyType = 1;
			remoteGlobalIDString = F6D43DE828425759000EE0CE;
			remoteInfo = LifesumCodingChallenge;
		};
		F6D43E042842575B000EE0CE /* PBXContainerItemProxy */ = {
			isa = PBXContainerItemProxy;
			containerPortal = F6D43DE128425759000EE0CE /* Project object */;
			proxyType = 1;
			remoteGlobalIDString = F6D43DE828425759000EE0CE;
			remoteInfo = LifesumCodingChallenge;
		};
/* End PBXContainerItemProxy section */

/* Begin PBXFileReference section */
		F6D43DE928425759000EE0CE /* LifesumCodingChallenge.app */ = {isa = PBXFileReference; explicitFileType = wrapper.application; includeInIndex = 0; path = LifesumCodingChallenge.app; sourceTree = BUILT_PRODUCTS_DIR; };
		F6D43DEC28425759000EE0CE /* LifesumCodingChallengeApp.swift */ = {isa = PBXFileReference; lastKnownFileType = sourcecode.swift; path = LifesumCodingChallengeApp.swift; sourceTree = "<group>"; };
		F6D43DEE28425759000EE0CE /* ContentView.swift */ = {isa = PBXFileReference; lastKnownFileType = sourcecode.swift; path = ContentView.swift; sourceTree = "<group>"; };
		F6D43DF02842575B000EE0CE /* Assets.xcassets */ = {isa = PBXFileReference; lastKnownFileType = folder.assetcatalog; path = Assets.xcassets; sourceTree = "<group>"; };
		F6D43DF32842575B000EE0CE /* Preview Assets.xcassets */ = {isa = PBXFileReference; lastKnownFileType = folder.assetcatalog; path = "Preview Assets.xcassets"; sourceTree = "<group>"; };
		F6D43DF92842575B000EE0CE /* LifesumCodingChallengeTests.xctest */ = {isa = PBXFileReference; explicitFileType = wrapper.cfbundle; includeInIndex = 0; path = LifesumCodingChallengeTests.xctest; sourceTree = BUILT_PRODUCTS_DIR; };
		F6D43DFD2842575B000EE0CE /* LifesumCodingChallengeTests.swift */ = {isa = PBXFileReference; lastKnownFileType = sourcecode.swift; path = LifesumCodingChallengeTests.swift; sourceTree = "<group>"; };
		F6D43E032842575B000EE0CE /* LifesumCodingChallengeUITests.xctest */ = {isa = PBXFileReference; explicitFileType = wrapper.cfbundle; includeInIndex = 0; path = LifesumCodingChallengeUITests.xctest; sourceTree = BUILT_PRODUCTS_DIR; };
		F6D43E072842575B000EE0CE /* LifesumCodingChallengeUITests.swift */ = {isa = PBXFileReference; lastKnownFileType = sourcecode.swift; path = LifesumCodingChallengeUITests.swift; sourceTree = "<group>"; };
		F6D43E092842575B000EE0CE /* LifesumCodingChallengeUITestsLaunchTests.swift */ = {isa = PBXFileReference; lastKnownFileType = sourcecode.swift; path = LifesumCodingChallengeUITestsLaunchTests.swift; sourceTree = "<group>"; };
/* End PBXFileReference section */

/* Begin PBXFrameworksBuildPhase section */
		F6D43DE628425759000EE0CE /* Frameworks */ = {
			isa = PBXFrameworksBuildPhase;
			buildActionMask = 2147483647;
			files = (
			);
			runOnlyForDeploymentPostprocessing = 0;
		};
		F6D43DF62842575B000EE0CE /* Frameworks */ = {
			isa = PBXFrameworksBuildPhase;
			buildActionMask = 2147483647;
			files = (
			);
			runOnlyForDeploymentPostprocessing = 0;
		};
		F6D43E002842575B000EE0CE /* Frameworks */ = {
			isa = PBXFrameworksBuildPhase;
			buildActionMask = 2147483647;
			files = (
			);
			runOnlyForDeploymentPostprocessing = 0;
		};
/* End PBXFrameworksBuildPhase section */

/* Begin PBXGroup section */
		F6D43DE028425759000EE0CE = {
			isa = PBXGroup;
			children = (
				F6D43DEB28425759000EE0CE /* LifesumCodingChallenge */,
				F6D43DFC2842575B000EE0CE /* LifesumCodingChallengeTests */,
				F6D43E062842575B000EE0CE /* LifesumCodingChallengeUITests */,
				F6D43DEA28425759000EE0CE /* Products */,
			);
			sourceTree = "<group>";
		};
		F6D43DEA28425759000EE0CE /* Products */ = {
			isa = PBXGroup;
			children = (
				F6D43DE928425759000EE0CE /* LifesumCodingChallenge.app */,
				F6D43DF92842575B000EE0CE /* LifesumCodingChallengeTests.xctest */,
				F6D43E032842575B000EE0CE /* LifesumCodingChallengeUITests.xctest */,
			);
			name = Products;
			sourceTree = "<group>";
		};
		F6D43DEB28425759000EE0CE /* LifesumCodingChallenge */ = {
			isa = PBXGroup;
			children = (
				F6D43DEC28425759000EE0CE /* LifesumCodingChallengeApp.swift */,
				F6D43DEE28425759000EE0CE /* ContentView.swift */,
				F6D43DF02842575B000EE0CE /* Assets.xcassets */,
				F6D43DF22842575B000EE0CE /* Preview Content */,
			);
			path = LifesumCodingChallenge;
			sourceTree = "<group>";
		};
		F6D43DF22842575B000EE0CE /* Preview Content */ = {
			isa = PBXGroup;
			children = (
				F6D43DF32842575B000EE0CE /* Preview Assets.xcassets */,
			);
			path = "Preview Content";
			sourceTree = "<group>";
		};
		F6D43DFC2842575B000EE0CE /* LifesumCodingChallengeTests */ = {
			isa = PBXGroup;
			children = (
				F6D43DFD2842575B000EE0CE /* LifesumCodingChallengeTests.swift */,
			);
			path = LifesumCodingChallengeTests;
			sourceTree = "<group>";
		};
		F6D43E062842575B000EE0CE /* LifesumCodingChallengeUITests */ = {
			isa = PBXGroup;
			children = (
				F6D43E072842575B000EE0CE /* LifesumCodingChallengeUITests.swift */,
				F6D43E092842575B000EE0CE /* LifesumCodingChallengeUITestsLaunchTests.swift */,
			);
			path = LifesumCodingChallengeUITests;
			sourceTree = "<group>";
		};
/* End PBXGroup section */

/* Begin PBXNativeTarget section */
		F6D43DE828425759000EE0CE /* LifesumCodingChallenge */ = {
			isa = PBXNativeTarget;
			buildConfigurationList = F6D43E0D2842575B000EE0CE /* Build configuration list for PBXNativeTarget "LifesumCodingChallenge" */;
			buildPhases = (
				F6D43DE528425759000EE0CE /* Sources */,
				F6D43DE628425759000EE0CE /* Frameworks */,
				F6D43DE728425759000EE0CE /* Resources */,
			);
			buildRules = (
			);
			dependencies = (
			);
			name = LifesumCodingChallenge;
			productName = LifesumCodingChallenge;
			productReference = F6D43DE928425759000EE0CE /* LifesumCodingChallenge.app */;
			productType = "com.apple.product-type.application";
		};
		F6D43DF82842575B000EE0CE /* LifesumCodingChallengeTests */ = {
			isa = PBXNativeTarget;
			buildConfigurationList = F6D43E102842575B000EE0CE /* Build configuration list for PBXNativeTarget "LifesumCodingChallengeTests" */;
			buildPhases = (
				F6D43DF52842575B000EE0CE /* Sources */,
				F6D43DF62842575B000EE0CE /* Frameworks */,
				F6D43DF72842575B000EE0CE /* Resources */,
			);
			buildRules = (
			);
			dependencies = (
				F6D43DFB2842575B000EE0CE /* PBXTargetDependency */,
			);
			name = LifesumCodingChallengeTests;
			productName = LifesumCodingChallengeTests;
			productReference = F6D43DF92842575B000EE0CE /* LifesumCodingChallengeTests.xctest */;
			productType = "com.apple.product-type.bundle.unit-test";
		};
		F6D43E022842575B000EE0CE /* LifesumCodingChallengeUITests */ = {
			isa = PBXNativeTarget;
			buildConfigurationList = F6D43E132842575B000EE0CE /* Build configuration list for PBXNativeTarget "LifesumCodingChallengeUITests" */;
			buildPhases = (
				F6D43DFF2842575B000EE0CE /* Sources */,
				F6D43E002842575B000EE0CE /* Frameworks */,
				F6D43E012842575B000EE0CE /* Resources */,
			);
			buildRules = (
			);
			dependencies = (
				F6D43E052842575B000EE0CE /* PBXTargetDependency */,
			);
			name = LifesumCodingChallengeUITests;
			productName = LifesumCodingChallengeUITests;
			productReference = F6D43E032842575B000EE0CE /* LifesumCodingChallengeUITests.xctest */;
			productType = "com.apple.product-type.bundle.ui-testing";
		};
/* End PBXNativeTarget section */

/* Begin PBXProject section */
		F6D43DE128425759000EE0CE /* Project object */ = {
			isa = PBXProject;
			attributes = {
				BuildIndependentTargetsInParallel = 1;
				LastSwiftUpdateCheck = 1320;
				LastUpgradeCheck = 1320;
				TargetAttributes = {
					F6D43DE828425759000EE0CE = {
						CreatedOnToolsVersion = 13.2.1;
					};
					F6D43DF82842575B000EE0CE = {
						CreatedOnToolsVersion = 13.2.1;
						TestTargetID = F6D43DE828425759000EE0CE;
					};
					F6D43E022842575B000EE0CE = {
						CreatedOnToolsVersion = 13.2.1;
						TestTargetID = F6D43DE828425759000EE0CE;
					};
				};
			};
			buildConfigurationList = F6D43DE428425759000EE0CE /* Build configuration list for PBXProject "LifesumCodingChallenge" */;
			compatibilityVersion = "Xcode 13.0";
			developmentRegion = en;
			hasScannedForEncodings = 0;
			knownRegions = (
				en,
				Base,
			);
			mainGroup = F6D43DE028425759000EE0CE;
			productRefGroup = F6D43DEA28425759000EE0CE /* Products */;
			projectDirPath = "";
			projectRoot = "";
			targets = (
				F6D43DE828425759000EE0CE /* LifesumCodingChallenge */,
				F6D43DF82842575B000EE0CE /* LifesumCodingChallengeTests */,
				F6D43E022842575B000EE0CE /* LifesumCodingChallengeUITests */,
			);
		};
/* End PBXProject section */

/* Begin PBXResourcesBuildPhase section */
		F6D43DE728425759000EE0CE /* Resources */ = {
			isa = PBXResourcesBuildPhase;
			buildActionMask = 2147483647;
			files = (
				F6D43DF42842575B000EE0CE /* Preview Assets.xcassets in Resources */,
				F6D43DF12842575B000EE0CE /* Assets.xcassets in Resources */,
			);
			runOnlyForDeploymentPostprocessing = 0;
		};
		F6D43DF72842575B000EE0CE /* Resources */ = {
			isa = PBXResourcesBuildPhase;
			buildActionMask = 2147483647;
			files = (
			);
			runOnlyForDeploymentPostprocessing = 0;
		};
		F6D43E012842575B000EE0CE /* Resources */ = {
			isa = PBXResourcesBuildPhase;
			buildActionMask = 2147483647;
			files = (
			);
			runOnlyForDeploymentPostprocessing = 0;
		};
/* End PBXResourcesBuildPhase section */

/* Begin PBXSourcesBuildPhase section */
		F6D43DE528425759000EE0CE /* Sources */ = {
			isa = PBXSourcesBuildPhase;
			buildActionMask = 2147483647;
			files = (
				F6D43DEF28425759000EE0CE /* ContentView.swift in Sources */,
				F6D43DED28425759000EE0CE /* LifesumCodingChallengeApp.swift in Sources */,
			);
			runOnlyForDeploymentPostprocessing = 0;
		};
		F6D43DF52842575B000EE0CE /* Sources */ = {
			isa = PBXSourcesBuildPhase;
			buildActionMask = 2147483647;
			files = (
				F6D43DFE2842575B000EE0CE /* LifesumCodingChallengeTests.swift in Sources */,
			);
			runOnlyForDeploymentPostprocessing = 0;
		};
		F6D43DFF2842575B000EE0CE /* Sources */ = {
			isa = PBXSourcesBuildPhase;
			buildActionMask = 2147483647;
			files = (
				F6D43E0A2842575B000EE0CE /* LifesumCodingChallengeUITestsLaunchTests.swift in Sources */,
				F6D43E082842575B000EE0CE /* LifesumCodingChallengeUITests.swift in Sources */,
			);
			runOnlyForDeploymentPostprocessing = 0;
		};
/* End PBXSourcesBuildPhase section */

/* Begin PBXTargetDependency section */
		F6D43DFB2842575B000EE0CE /* PBXTargetDependency */ = {
			isa = PBXTargetDependency;
			target = F6D43DE828425759000EE0CE /* LifesumCodingChallenge */;
			targetProxy = F6D43DFA2842575B000EE0CE /* PBXContainerItemProxy */;
		};
		F6D43E052842575B000EE0CE /* PBXTargetDependency */ = {
			isa = PBXTargetDependency;
			target = F6D43DE828425759000EE0CE /* LifesumCodingChallenge */;
			targetProxy = F6D43E042842575B000EE0CE /* PBXContainerItemProxy */;
		};
/* End PBXTargetDependency section */

/* Begin XCBuildConfiguration section */
		F6D43E0B2842575B000EE0CE /* Debug */ = {
			isa = XCBuildConfiguration;
			buildSettings = {
				ALWAYS_SEARCH_USER_PATHS = NO;
				CLANG_ANALYZER_NONNULL = YES;
				CLANG_ANALYZER_NUMBER_OBJECT_CONVERSION = YES_AGGRESSIVE;
				CLANG_CXX_LANGUAGE_STANDARD = "gnu++17";
				CLANG_CXX_LIBRARY = "libc++";
				CLANG_ENABLE_MODULES = YES;
				CLANG_ENABLE_OBJC_ARC = YES;
				CLANG_ENABLE_OBJC_WEAK = YES;
				CLANG_WARN_BLOCK_CAPTURE_AUTORELEASING = YES;
				CLANG_WARN_BOOL_CONVERSION = YES;
				CLANG_WARN_COMMA = YES;
				CLANG_WARN_CONSTANT_CONVERSION = YES;
				CLANG_WARN_DEPRECATED_OBJC_IMPLEMENTATIONS = YES;
				CLANG_WARN_DIRECT_OBJC_ISA_USAGE = YES_ERROR;
				CLANG_WARN_DOCUMENTATION_COMMENTS = YES;
				CLANG_WARN_EMPTY_BODY = YES;
				CLANG_WARN_ENUM_CONVERSION = YES;
				CLANG_WARN_INFINITE_RECURSION = YES;
				CLANG_WARN_INT_CONVERSION = YES;
				CLANG_WARN_NON_LITERAL_NULL_CONVERSION = YES;
				CLANG_WARN_OBJC_IMPLICIT_RETAIN_SELF = YES;
				CLANG_WARN_OBJC_LITERAL_CONVERSION = YES;
				CLANG_WARN_OBJC_ROOT_CLASS = YES_ERROR;
				CLANG_WARN_QUOTED_INCLUDE_IN_FRAMEWORK_HEADER = YES;
				CLANG_WARN_RANGE_LOOP_ANALYSIS = YES;
				CLANG_WARN_STRICT_PROTOTYPES = YES;
				CLANG_WARN_SUSPICIOUS_MOVE = YES;
				CLANG_WARN_UNGUARDED_AVAILABILITY = YES_AGGRESSIVE;
				CLANG_WARN_UNREACHABLE_CODE = YES;
				CLANG_WARN__DUPLICATE_METHOD_MATCH = YES;
				COPY_PHASE_STRIP = NO;
				DEBUG_INFORMATION_FORMAT = dwarf;
				ENABLE_STRICT_OBJC_MSGSEND = YES;
				ENABLE_TESTABILITY = YES;
				GCC_C_LANGUAGE_STANDARD = gnu11;
				GCC_DYNAMIC_NO_PIC = NO;
				GCC_NO_COMMON_BLOCKS = YES;
				GCC_OPTIMIZATION_LEVEL = 0;
				GCC_PREPROCESSOR_DEFINITIONS = (
					"DEBUG=1",
					"$(inherited)",
				);
				GCC_WARN_64_TO_32_BIT_CONVERSION = YES;
				GCC_WARN_ABOUT_RETURN_TYPE = YES_ERROR;
				GCC_WARN_UNDECLARED_SELECTOR = YES;
				GCC_WARN_UNINITIALIZED_AUTOS = YES_AGGRESSIVE;
				GCC_WARN_UNUSED_FUNCTION = YES;
				GCC_WARN_UNUSED_VARIABLE = YES;
				IPHONEOS_DEPLOYMENT_TARGET = 15.2;
				MTL_ENABLE_DEBUG_INFO = INCLUDE_SOURCE;
				MTL_FAST_MATH = YES;
				ONLY_ACTIVE_ARCH = YES;
				SDKROOT = iphoneos;
				SWIFT_ACTIVE_COMPILATION_CONDITIONS = DEBUG;
				SWIFT_OPTIMIZATION_LEVEL = "-Onone";
			};
			name = Debug;
		};
		F6D43E0C2842575B000EE0CE /* Release */ = {
			isa = XCBuildConfiguration;
			buildSettings = {
				ALWAYS_SEARCH_USER_PATHS = NO;
				CLANG_ANALYZER_NONNULL = YES;
				CLANG_ANALYZER_NUMBER_OBJECT_CONVERSION = YES_AGGRESSIVE;
				CLANG_CXX_LANGUAGE_STANDARD = "gnu++17";
				CLANG_CXX_LIBRARY = "libc++";
				CLANG_ENABLE_MODULES = YES;
				CLANG_ENABLE_OBJC_ARC = YES;
				CLANG_ENABLE_OBJC_WEAK = YES;
				CLANG_WARN_BLOCK_CAPTURE_AUTORELEASING = YES;
				CLANG_WARN_BOOL_CONVERSION = YES;
				CLANG_WARN_COMMA = YES;
				CLANG_WARN_CONSTANT_CONVERSION = YES;
				CLANG_WARN_DEPRECATED_OBJC_IMPLEMENTATIONS = YES;
				CLANG_WARN_DIRECT_OBJC_ISA_USAGE = YES_ERROR;
				CLANG_WARN_DOCUMENTATION_COMMENTS = YES;
				CLANG_WARN_EMPTY_BODY = YES;
				CLANG_WARN_ENUM_CONVERSION = YES;
				CLANG_WARN_INFINITE_RECURSION = YES;
				CLANG_WARN_INT_CONVERSION = YES;
				CLANG_WARN_NON_LITERAL_NULL_CONVERSION = YES;
				CLANG_WARN_OBJC_IMPLICIT_RETAIN_SELF = YES;
				CLANG_WARN_OBJC_LITERAL_CONVERSION = YES;
				CLANG_WARN_OBJC_ROOT_CLASS = YES_ERROR;
				CLANG_WARN_QUOTED_INCLUDE_IN_FRAMEWORK_HEADER = YES;
				CLANG_WARN_RANGE_LOOP_ANALYSIS = YES;
				CLANG_WARN_STRICT_PROTOTYPES = YES;
				CLANG_WARN_SUSPICIOUS_MOVE = YES;
				CLANG_WARN_UNGUARDED_AVAILABILITY = YES_AGGRESSIVE;
				CLANG_WARN_UNREACHABLE_CODE = YES;
				CLANG_WARN__DUPLICATE_METHOD_MATCH = YES;
				COPY_PHASE_STRIP = NO;
				DEBUG_INFORMATION_FORMAT = "dwarf-with-dsym";
				ENABLE_NS_ASSERTIONS = NO;
				ENABLE_STRICT_OBJC_MSGSEND = YES;
				GCC_C_LANGUAGE_STANDARD = gnu11;
				GCC_NO_COMMON_BLOCKS = YES;
				GCC_WARN_64_TO_32_BIT_CONVERSION = YES;
				GCC_WARN_ABOUT_RETURN_TYPE = YES_ERROR;
				GCC_WARN_UNDECLARED_SELECTOR = YES;
				GCC_WARN_UNINITIALIZED_AUTOS = YES_AGGRESSIVE;
				GCC_WARN_UNUSED_FUNCTION = YES;
				GCC_WARN_UNUSED_VARIABLE = YES;
				IPHONEOS_DEPLOYMENT_TARGET = 15.2;
				MTL_ENABLE_DEBUG_INFO = NO;
				MTL_FAST_MATH = YES;
				SDKROOT = iphoneos;
				SWIFT_COMPILATION_MODE = wholemodule;
				SWIFT_OPTIMIZATION_LEVEL = "-O";
				VALIDATE_PRODUCT = YES;
			};
			name = Release;
		};
		F6D43E0E2842575B000EE0CE /* Debug */ = {
			isa = XCBuildConfiguration;
			buildSettings = {
				ASSETCATALOG_COMPILER_APPICON_NAME = AppIcon;
				ASSETCATALOG_COMPILER_GLOBAL_ACCENT_COLOR_NAME = AccentColor;
				CODE_SIGN_STYLE = Automatic;
				CURRENT_PROJECT_VERSION = 1;
				DEVELOPMENT_ASSET_PATHS = "\"LifesumCodingChallenge/Preview Content\"";
				ENABLE_PREVIEWS = YES;
				GENERATE_INFOPLIST_FILE = YES;
				INFOPLIST_KEY_UIApplicationSceneManifest_Generation = YES;
				INFOPLIST_KEY_UIApplicationSupportsIndirectInputEvents = YES;
				INFOPLIST_KEY_UILaunchScreen_Generation = YES;
				INFOPLIST_KEY_UISupportedInterfaceOrientations_iPad = "UIInterfaceOrientationPortrait UIInterfaceOrientationPortraitUpsideDown UIInterfaceOrientationLandscapeLeft UIInterfaceOrientationLandscapeRight";
				INFOPLIST_KEY_UISupportedInterfaceOrientations_iPhone = "UIInterfaceOrientationPortrait UIInterfaceOrientationLandscapeLeft UIInterfaceOrientationLandscapeRight";
				LD_RUNPATH_SEARCH_PATHS = (
					"$(inherited)",
					"@executable_path/Frameworks",
				);
				MARKETING_VERSION = 1.0;
				PRODUCT_BUNDLE_IDENTIFIER = techtailor.LifesumCodingChallenge;
				PRODUCT_NAME = "$(TARGET_NAME)";
				SWIFT_EMIT_LOC_STRINGS = YES;
				SWIFT_VERSION = 5.0;
				TARGETED_DEVICE_FAMILY = "1,2";
			};
			name = Debug;
		};
		F6D43E0F2842575B000EE0CE /* Release */ = {
			isa = XCBuildConfiguration;
			buildSettings = {
				ASSETCATALOG_COMPILER_APPICON_NAME = AppIcon;
				ASSETCATALOG_COMPILER_GLOBAL_ACCENT_COLOR_NAME = AccentColor;
				CODE_SIGN_STYLE = Automatic;
				CURRENT_PROJECT_VERSION = 1;
				DEVELOPMENT_ASSET_PATHS = "\"LifesumCodingChallenge/Preview Content\"";
				ENABLE_PREVIEWS = YES;
				GENERATE_INFOPLIST_FILE = YES;
				INFOPLIST_KEY_UIApplicationSceneManifest_Generation = YES;
				INFOPLIST_KEY_UIApplicationSupportsIndirectInputEvents = YES;
				INFOPLIST_KEY_UILaunchScreen_Generation = YES;
				INFOPLIST_KEY_UISupportedInterfaceOrientations_iPad = "UIInterfaceOrientationPortrait UIInterfaceOrientationPortraitUpsideDown UIInterfaceOrientationLandscapeLeft UIInterfaceOrientationLandscapeRight";
				INFOPLIST_KEY_UISupportedInterfaceOrientations_iPhone = "UIInterfaceOrientationPortrait UIInterfaceOrientationLandscapeLeft UIInterfaceOrientationLandscapeRight";
				LD_RUNPATH_SEARCH_PATHS = (
					"$(inherited)",
					"@executable_path/Frameworks",
				);
				MARKETING_VERSION = 1.0;
				PRODUCT_BUNDLE_IDENTIFIER = techtailor.LifesumCodingChallenge;
				PRODUCT_NAME = "$(TARGET_NAME)";
				SWIFT_EMIT_LOC_STRINGS = YES;
				SWIFT_VERSION = 5.0;
				TARGETED_DEVICE_FAMILY = "1,2";
			};
			name = Release;
		};
		F6D43E112842575B000EE0CE /* Debug */ = {
			isa = XCBuildConfiguration;
			buildSettings = {
				ALWAYS_EMBED_SWIFT_STANDARD_LIBRARIES = YES;
				BUNDLE_LOADER = "$(TEST_HOST)";
				CODE_SIGN_STYLE = Automatic;
				CURRENT_PROJECT_VERSION = 1;
				GENERATE_INFOPLIST_FILE = YES;
				IPHONEOS_DEPLOYMENT_TARGET = 15.2;
				MARKETING_VERSION = 1.0;
				PRODUCT_BUNDLE_IDENTIFIER = techtailor.LifesumCodingChallengeTests;
				PRODUCT_NAME = "$(TARGET_NAME)";
				SWIFT_EMIT_LOC_STRINGS = NO;
				SWIFT_VERSION = 5.0;
				TARGETED_DEVICE_FAMILY = "1,2";
				TEST_HOST = "$(BUILT_PRODUCTS_DIR)/LifesumCodingChallenge.app/LifesumCodingChallenge";
			};
			name = Debug;
		};
		F6D43E122842575B000EE0CE /* Release */ = {
			isa = XCBuildConfiguration;
			buildSettings = {
				ALWAYS_EMBED_SWIFT_STANDARD_LIBRARIES = YES;
				BUNDLE_LOADER = "$(TEST_HOST)";
				CODE_SIGN_STYLE = Automatic;
				CURRENT_PROJECT_VERSION = 1;
				GENERATE_INFOPLIST_FILE = YES;
				IPHONEOS_DEPLOYMENT_TARGET = 15.2;
				MARKETING_VERSION = 1.0;
				PRODUCT_BUNDLE_IDENTIFIER = techtailor.LifesumCodingChallengeTests;
				PRODUCT_NAME = "$(TARGET_NAME)";
				SWIFT_EMIT_LOC_STRINGS = NO;
				SWIFT_VERSION = 5.0;
				TARGETED_DEVICE_FAMILY = "1,2";
				TEST_HOST = "$(BUILT_PRODUCTS_DIR)/LifesumCodingChallenge.app/LifesumCodingChallenge";
			};
			name = Release;
		};
		F6D43E142842575B000EE0CE /* Debug */ = {
			isa = XCBuildConfiguration;
			buildSettings = {
				ALWAYS_EMBED_SWIFT_STANDARD_LIBRARIES = YES;
				CODE_SIGN_STYLE = Automatic;
				CURRENT_PROJECT_VERSION = 1;
				GENERATE_INFOPLIST_FILE = YES;
				MARKETING_VERSION = 1.0;
				PRODUCT_BUNDLE_IDENTIFIER = techtailor.LifesumCodingChallengeUITests;
				PRODUCT_NAME = "$(TARGET_NAME)";
				SWIFT_EMIT_LOC_STRINGS = NO;
				SWIFT_VERSION = 5.0;
				TARGETED_DEVICE_FAMILY = "1,2";
				TEST_TARGET_NAME = LifesumCodingChallenge;
			};
			name = Debug;
		};
		F6D43E152842575B000EE0CE /* Release */ = {
			isa = XCBuildConfiguration;
			buildSettings = {
				ALWAYS_EMBED_SWIFT_STANDARD_LIBRARIES = YES;
				CODE_SIGN_STYLE = Automatic;
				CURRENT_PROJECT_VERSION = 1;
				GENERATE_INFOPLIST_FILE = YES;
				MARKETING_VERSION = 1.0;
				PRODUCT_BUNDLE_IDENTIFIER = techtailor.LifesumCodingChallengeUITests;
				PRODUCT_NAME = "$(TARGET_NAME)";
				SWIFT_EMIT_LOC_STRINGS = NO;
				SWIFT_VERSION = 5.0;
				TARGETED_DEVICE_FAMILY = "1,2";
				TEST_TARGET_NAME = LifesumCodingChallenge;
			};
			name = Release;
		};
/* End XCBuildConfiguration section */

/* Begin XCConfigurationList section */
		F6D43DE428425759000EE0CE /* Build configuration list for PBXProject "LifesumCodingChallenge" */ = {
			isa = XCConfigurationList;
			buildConfigurations = (
				F6D43E0B2842575B000EE0CE /* Debug */,
				F6D43E0C2842575B000EE0CE /* Release */,
			);
			defaultConfigurationIsVisible = 0;
			defaultConfigurationName = Release;
		};
		F6D43E0D2842575B000EE0CE /* Build configuration list for PBXNativeTarget "LifesumCodingChallenge" */ = {
			isa = XCConfigurationList;
			buildConfigurations = (
				F6D43E0E2842575B000EE0CE /* Debug */,
				F6D43E0F2842575B000EE0CE /* Release */,
			);
			defaultConfigurationIsVisible = 0;
			defaultConfigurationName = Release;
		};
		F6D43E102842575B000EE0CE /* Build configuration list for PBXNativeTarget "LifesumCodingChallengeTests" */ = {
			isa = XCConfigurationList;
			buildConfigurations = (
				F6D43E112842575B000EE0CE /* Debug */,
				F6D43E122842575B000EE0CE /* Release */,
			);
			defaultConfigurationIsVisible = 0;
			defaultConfigurationName = Release;
		};
		F6D43E132842575B000EE0CE /* Build configuration list for PBXNativeTarget "LifesumCodingChallengeUITests" */ = {
			isa = XCConfigurationList;
			buildConfigurations = (
				F6D43E142842575B000EE0CE /* Debug */,
				F6D43E152842575B000EE0CE /* Release */,
			);
			defaultConfigurationIsVisible = 0;
			defaultConfigurationName = Release;
		};
/* End XCConfigurationList section */
	};
	rootObject = F6D43DE128425759000EE0CE /* Project object */;
}
