// !$*UTF8*$!
{
	archiveVersion = 1;
	classes = {
	};
	objectVersion = 55;
	objects = {

/* Begin PBXBuildFile section */
		F6D43DEF28425759000EE0CE /* FoodItemView.swift in Sources */ = {isa = PBXBuildFile; fileRef = F6D43DEE28425759000EE0CE /* FoodItemView.swift */; };
		F6D43DF12842575B000EE0CE /* Assets.xcassets in Resources */ = {isa = PBXBuildFile; fileRef = F6D43DF02842575B000EE0CE /* Assets.xcassets */; };
		F6D43DF42842575B000EE0CE /* Preview Assets.xcassets in Resources */ = {isa = PBXBuildFile; fileRef = F6D43DF32842575B000EE0CE /* Preview Assets.xcassets */; };
		F6D43DFE2842575B000EE0CE /* LifesumCodingChallengeTests.swift in Sources */ = {isa = PBXBuildFile; fileRef = F6D43DFD2842575B000EE0CE /* LifesumCodingChallengeTests.swift */; };
		F6D43E082842575B000EE0CE /* LifesumCodingChallengeUITests.swift in Sources */ = {isa = PBXBuildFile; fileRef = F6D43E072842575B000EE0CE /* LifesumCodingChallengeUITests.swift */; };
		F6D43E0A2842575B000EE0CE /* LifesumCodingChallengeUITestsLaunchTests.swift in Sources */ = {isa = PBXBuildFile; fileRef = F6D43E092842575B000EE0CE /* LifesumCodingChallengeUITestsLaunchTests.swift */; };
		F6D43E1B28425A80000EE0CE /* FoodItemViewModel.swift in Sources */ = {isa = PBXBuildFile; fileRef = F6D43E1A28425A80000EE0CE /* FoodItemViewModel.swift */; };
		F6D43E1E28425F61000EE0CE /* GetRandomFoodItemUseCase.swift in Sources */ = {isa = PBXBuildFile; fileRef = F6D43E1D28425F61000EE0CE /* GetRandomFoodItemUseCase.swift */; };
		F6D43E2028425F97000EE0CE /* FoodRepository.swift in Sources */ = {isa = PBXBuildFile; fileRef = F6D43E1F28425F97000EE0CE /* FoodRepository.swift */; };
		F6D43E2328425FC3000EE0CE /* FoodRepositoryImpl.swift in Sources */ = {isa = PBXBuildFile; fileRef = F6D43E2228425FC3000EE0CE /* FoodRepositoryImpl.swift */; };
		F6D43E2528426025000EE0CE /* HttpClient.swift in Sources */ = {isa = PBXBuildFile; fileRef = F6D43E2428426025000EE0CE /* HttpClient.swift */; };
		F6D43E27284263E4000EE0CE /* RequestFactory.swift in Sources */ = {isa = PBXBuildFile; fileRef = F6D43E26284263E4000EE0CE /* RequestFactory.swift */; };
		F6D43E32284267F1000EE0CE /* Response.swift in Sources */ = {isa = PBXBuildFile; fileRef = F6D43E2F284267F0000EE0CE /* Response.swift */; };
		F6D43E33284267F1000EE0CE /* FoodItem.swift in Sources */ = {isa = PBXBuildFile; fileRef = F6D43E30284267F1000EE0CE /* FoodItem.swift */; };
		F6D43E34284267F1000EE0CE /* Meta.swift in Sources */ = {isa = PBXBuildFile; fileRef = F6D43E31284267F1000EE0CE /* Meta.swift */; };
		F6D43E36284271B3000EE0CE /* UIWindow+DeviceShake.swift in Sources */ = {isa = PBXBuildFile; fileRef = F6D43E35284271B3000EE0CE /* UIWindow+DeviceShake.swift */; };
		F6D43E38284271DE000EE0CE /* DeviceShakeViewModifier.swift in Sources */ = {isa = PBXBuildFile; fileRef = F6D43E37284271DE000EE0CE /* DeviceShakeViewModifier.swift */; };
		F6D43E3E2842744D000EE0CE /* SceneDelegate.swift in Sources */ = {isa = PBXBuildFile; fileRef = F6D43E3D2842744D000EE0CE /* SceneDelegate.swift */; };
		F6D43E4128427598000EE0CE /* MainView.swift in Sources */ = {isa = PBXBuildFile; fileRef = F6D43E4028427598000EE0CE /* MainView.swift */; };
		F6D43E43284275C9000EE0CE /* MainViewModel.swift in Sources */ = {isa = PBXBuildFile; fileRef = F6D43E42284275C9000EE0CE /* MainViewModel.swift */; };
		F6D43E452842781D000EE0CE /* AppConfigurator.swift in Sources */ = {isa = PBXBuildFile; fileRef = F6D43E442842781D000EE0CE /* AppConfigurator.swift */; };
		F6D43E4728427882000EE0CE /* AppDelegate.swift in Sources */ = {isa = PBXBuildFile; fileRef = F6D43E4628427882000EE0CE /* AppDelegate.swift */; };
		F6D43E4B28427D2B000EE0CE /* Launch Screen.storyboard in Resources */ = {isa = PBXBuildFile; fileRef = F6D43E4A28427D2B000EE0CE /* Launch Screen.storyboard */; };
		F6D43E4D2842A024000EE0CE /* FoodCircleView.swift in Sources */ = {isa = PBXBuildFile; fileRef = F6D43E4C2842A023000EE0CE /* FoodCircleView.swift */; };
		F6D43E4F2842A0BC000EE0CE /* FoodTableView.swift in Sources */ = {isa = PBXBuildFile; fileRef = F6D43E4E2842A0BC000EE0CE /* FoodTableView.swift */; };
		F6D43E5228436E4D000EE0CE /* UnderlineViewModifier.swift in Sources */ = {isa = PBXBuildFile; fileRef = F6D43E5128436E4C000EE0CE /* UnderlineViewModifier.swift */; };
		F6D43E54284393B5000EE0CE /* FontViewModifier.swift in Sources */ = {isa = PBXBuildFile; fileRef = F6D43E53284393B5000EE0CE /* FontViewModifier.swift */; };
		F6D43E7828439F61000EE0CE /* HttpClientTests.swift in Sources */ = {isa = PBXBuildFile; fileRef = F6D43E7728439F61000EE0CE /* HttpClientTests.swift */; };
		F6D43E7A2843A5F5000EE0CE /* RequestFactoryTests.swift in Sources */ = {isa = PBXBuildFile; fileRef = F6D43E792843A5F5000EE0CE /* RequestFactoryTests.swift */; };
		F6D43E7C2843A75A000EE0CE /* FoodRepositoryTests.swift in Sources */ = {isa = PBXBuildFile; fileRef = F6D43E7B2843A75A000EE0CE /* FoodRepositoryTests.swift */; };
		F6D43E7F2843AD1C000EE0CE /* GetRandomFoodItemUseCase.swift in Sources */ = {isa = PBXBuildFile; fileRef = F6D43E7E2843AD1C000EE0CE /* GetRandomFoodItemUseCase.swift */; };
		F6D43E822843B2D7000EE0CE /* FoodItemViewModelTests.swift in Sources */ = {isa = PBXBuildFile; fileRef = F6D43E812843B2D7000EE0CE /* FoodItemViewModelTests.swift */; };
		F6D43E842843B605000EE0CE /* MainViewModelTests.swift in Sources */ = {isa = PBXBuildFile; fileRef = F6D43E832843B605000EE0CE /* MainViewModelTests.swift */; };
/* End PBXBuildFile section */

/* Begin PBXContainerItemProxy section */
		F6D43DFA2842575B000EE0CE /* PBXContainerItemProxy */ = {
			isa = PBXContainerItemProxy;
			containerPortal = F6D43DE128425759000EE0CE /* Project object */;
			proxyType = 1;
			remoteGlobalIDString = F6D43DE828425759000EE0CE;
			remoteInfo = LifesumCodingChallenge;
		};
		F6D43E042842575B000EE0CE /* PBXContainerItemProxy */ = {
			isa = PBXContainerItemProxy;
			containerPortal = F6D43DE128425759000EE0CE /* Project object */;
			proxyType = 1;
			remoteGlobalIDString = F6D43DE828425759000EE0CE;
			remoteInfo = LifesumCodingChallenge;
		};
/* End PBXContainerItemProxy section */

/* Begin PBXFileReference section */
		F6D43DE928425759000EE0CE /* LifesumCodingChallenge.app */ = {isa = PBXFileReference; explicitFileType = wrapper.application; includeInIndex = 0; path = LifesumCodingChallenge.app; sourceTree = BUILT_PRODUCTS_DIR; };
		F6D43DEE28425759000EE0CE /* FoodItemView.swift */ = {isa = PBXFileReference; lastKnownFileType = sourcecode.swift; path = FoodItemView.swift; sourceTree = "<group>"; };
		F6D43DF02842575B000EE0CE /* Assets.xcassets */ = {isa = PBXFileReference; lastKnownFileType = folder.assetcatalog; path = Assets.xcassets; sourceTree = "<group>"; };
		F6D43DF32842575B000EE0CE /* Preview Assets.xcassets */ = {isa = PBXFileReference; lastKnownFileType = folder.assetcatalog; path = "Preview Assets.xcassets"; sourceTree = "<group>"; };
		F6D43DF92842575B000EE0CE /* LifesumCodingChallengeTests.xctest */ = {isa = PBXFileReference; explicitFileType = wrapper.cfbundle; includeInIndex = 0; path = LifesumCodingChallengeTests.xctest; sourceTree = BUILT_PRODUCTS_DIR; };
		F6D43DFD2842575B000EE0CE /* LifesumCodingChallengeTests.swift */ = {isa = PBXFileReference; lastKnownFileType = sourcecode.swift; path = LifesumCodingChallengeTests.swift; sourceTree = "<group>"; };
		F6D43E032842575B000EE0CE /* LifesumCodingChallengeUITests.xctest */ = {isa = PBXFileReference; explicitFileType = wrapper.cfbundle; includeInIndex = 0; path = LifesumCodingChallengeUITests.xctest; sourceTree = BUILT_PRODUCTS_DIR; };
		F6D43E072842575B000EE0CE /* LifesumCodingChallengeUITests.swift */ = {isa = PBXFileReference; lastKnownFileType = sourcecode.swift; path = LifesumCodingChallengeUITests.swift; sourceTree = "<group>"; };
		F6D43E092842575B000EE0CE /* LifesumCodingChallengeUITestsLaunchTests.swift */ = {isa = PBXFileReference; lastKnownFileType = sourcecode.swift; path = LifesumCodingChallengeUITestsLaunchTests.swift; sourceTree = "<group>"; };
		F6D43E1A28425A80000EE0CE /* FoodItemViewModel.swift */ = {isa = PBXFileReference; lastKnownFileType = sourcecode.swift; path = FoodItemViewModel.swift; sourceTree = "<group>"; };
		F6D43E1D28425F61000EE0CE /* GetRandomFoodItemUseCase.swift */ = {isa = PBXFileReference; lastKnownFileType = sourcecode.swift; path = GetRandomFoodItemUseCase.swift; sourceTree = "<group>"; };
		F6D43E1F28425F97000EE0CE /* FoodRepository.swift */ = {isa = PBXFileReference; lastKnownFileType = sourcecode.swift; path = FoodRepository.swift; sourceTree = "<group>"; };
		F6D43E2228425FC3000EE0CE /* FoodRepositoryImpl.swift */ = {isa = PBXFileReference; lastKnownFileType = sourcecode.swift; path = FoodRepositoryImpl.swift; sourceTree = "<group>"; };
		F6D43E2428426025000EE0CE /* HttpClient.swift */ = {isa = PBXFileReference; lastKnownFileType = sourcecode.swift; path = HttpClient.swift; sourceTree = "<group>"; };
		F6D43E26284263E4000EE0CE /* RequestFactory.swift */ = {isa = PBXFileReference; lastKnownFileType = sourcecode.swift; path = RequestFactory.swift; sourceTree = "<group>"; };
		F6D43E2F284267F0000EE0CE /* Response.swift */ = {isa = PBXFileReference; fileEncoding = 4; lastKnownFileType = sourcecode.swift; path = Response.swift; sourceTree = "<group>"; };
		F6D43E30284267F1000EE0CE /* FoodItem.swift */ = {isa = PBXFileReference; fileEncoding = 4; lastKnownFileType = sourcecode.swift; path = FoodItem.swift; sourceTree = "<group>"; };
		F6D43E31284267F1000EE0CE /* Meta.swift */ = {isa = PBXFileReference; fileEncoding = 4; lastKnownFileType = sourcecode.swift; path = Meta.swift; sourceTree = "<group>"; };
		F6D43E35284271B3000EE0CE /* UIWindow+DeviceShake.swift */ = {isa = PBXFileReference; lastKnownFileType = sourcecode.swift; path = "UIWindow+DeviceShake.swift"; sourceTree = "<group>"; };
		F6D43E37284271DE000EE0CE /* DeviceShakeViewModifier.swift */ = {isa = PBXFileReference; lastKnownFileType = sourcecode.swift; path = DeviceShakeViewModifier.swift; sourceTree = "<group>"; };
		F6D43E3D2842744D000EE0CE /* SceneDelegate.swift */ = {isa = PBXFileReference; lastKnownFileType = sourcecode.swift; path = SceneDelegate.swift; sourceTree = "<group>"; };
		F6D43E4028427598000EE0CE /* MainView.swift */ = {isa = PBXFileReference; lastKnownFileType = sourcecode.swift; path = MainView.swift; sourceTree = "<group>"; };
		F6D43E42284275C9000EE0CE /* MainViewModel.swift */ = {isa = PBXFileReference; lastKnownFileType = sourcecode.swift; path = MainViewModel.swift; sourceTree = "<group>"; };
		F6D43E442842781D000EE0CE /* AppConfigurator.swift */ = {isa = PBXFileReference; lastKnownFileType = sourcecode.swift; path = AppConfigurator.swift; sourceTree = "<group>"; };
		F6D43E4628427882000EE0CE /* AppDelegate.swift */ = {isa = PBXFileReference; lastKnownFileType = sourcecode.swift; path = AppDelegate.swift; sourceTree = "<group>"; };
		F6D43E48284279F4000EE0CE /* Info.plist */ = {isa = PBXFileReference; lastKnownFileType = text.plist; path = Info.plist; sourceTree = "<group>"; };
		F6D43E4A28427D2B000EE0CE /* Launch Screen.storyboard */ = {isa = PBXFileReference; lastKnownFileType = file.storyboard; path = "Launch Screen.storyboard"; sourceTree = "<group>"; };
		F6D43E4C2842A023000EE0CE /* FoodCircleView.swift */ = {isa = PBXFileReference; lastKnownFileType = sourcecode.swift; path = FoodCircleView.swift; sourceTree = "<group>"; };
		F6D43E4E2842A0BC000EE0CE /* FoodTableView.swift */ = {isa = PBXFileReference; lastKnownFileType = sourcecode.swift; path = FoodTableView.swift; sourceTree = "<group>"; };
		F6D43E5128436E4C000EE0CE /* UnderlineViewModifier.swift */ = {isa = PBXFileReference; lastKnownFileType = sourcecode.swift; path = UnderlineViewModifier.swift; sourceTree = "<group>"; };
		F6D43E53284393B5000EE0CE /* FontViewModifier.swift */ = {isa = PBXFileReference; lastKnownFileType = sourcecode.swift; path = FontViewModifier.swift; sourceTree = "<group>"; };
		F6D43E7728439F61000EE0CE /* HttpClientTests.swift */ = {isa = PBXFileReference; lastKnownFileType = sourcecode.swift; path = HttpClientTests.swift; sourceTree = "<group>"; };
		F6D43E792843A5F5000EE0CE /* RequestFactoryTests.swift */ = {isa = PBXFileReference; lastKnownFileType = sourcecode.swift; path = RequestFactoryTests.swift; sourceTree = "<group>"; };
		F6D43E7B2843A75A000EE0CE /* FoodRepositoryTests.swift */ = {isa = PBXFileReference; lastKnownFileType = sourcecode.swift; path = FoodRepositoryTests.swift; sourceTree = "<group>"; };
		F6D43E7E2843AD1C000EE0CE /* GetRandomFoodItemUseCase.swift */ = {isa = PBXFileReference; lastKnownFileType = sourcecode.swift; path = GetRandomFoodItemUseCase.swift; sourceTree = "<group>"; };
		F6D43E812843B2D7000EE0CE /* FoodItemViewModelTests.swift */ = {isa = PBXFileReference; lastKnownFileType = sourcecode.swift; path = FoodItemViewModelTests.swift; sourceTree = "<group>"; };
		F6D43E832843B605000EE0CE /* MainViewModelTests.swift */ = {isa = PBXFileReference; lastKnownFileType = sourcecode.swift; path = MainViewModelTests.swift; sourceTree = "<group>"; };
/* End PBXFileReference section */

/* Begin PBXFrameworksBuildPhase section */
		F6D43DE628425759000EE0CE /* Frameworks */ = {
			isa = PBXFrameworksBuildPhase;
			buildActionMask = 2147483647;
			files = (
			);
			runOnlyForDeploymentPostprocessing = 0;
		};
		F6D43DF62842575B000EE0CE /* Frameworks */ = {
			isa = PBXFrameworksBuildPhase;
			buildActionMask = 2147483647;
			files = (
			);
			runOnlyForDeploymentPostprocessing = 0;
		};
		F6D43E002842575B000EE0CE /* Frameworks */ = {
			isa = PBXFrameworksBuildPhase;
			buildActionMask = 2147483647;
			files = (
			);
			runOnlyForDeploymentPostprocessing = 0;
		};
/* End PBXFrameworksBuildPhase section */

/* Begin PBXGroup section */
		F6D43DE028425759000EE0CE = {
			isa = PBXGroup;
			children = (
				F6D43DEB28425759000EE0CE /* LifesumCodingChallenge */,
				F6D43DFC2842575B000EE0CE /* LifesumCodingChallengeTests */,
				F6D43E062842575B000EE0CE /* LifesumCodingChallengeUITests */,
				F6D43DEA28425759000EE0CE /* Products */,
			);
			sourceTree = "<group>";
		};
		F6D43DEA28425759000EE0CE /* Products */ = {
			isa = PBXGroup;
			children = (
				F6D43DE928425759000EE0CE /* LifesumCodingChallenge.app */,
				F6D43DF92842575B000EE0CE /* LifesumCodingChallengeTests.xctest */,
				F6D43E032842575B000EE0CE /* LifesumCodingChallengeUITests.xctest */,
			);
			name = Products;
			sourceTree = "<group>";
		};
		F6D43DEB28425759000EE0CE /* LifesumCodingChallenge */ = {
			isa = PBXGroup;
			children = (
				F6D43E48284279F4000EE0CE /* Info.plist */,
				F6D43E4628427882000EE0CE /* AppDelegate.swift */,
				F6D43E3D2842744D000EE0CE /* SceneDelegate.swift */,
				F6D43E442842781D000EE0CE /* AppConfigurator.swift */,
				F6D43E1828425874000EE0CE /* Presentation */,
				F6D43E1C28425F30000EE0CE /* Domain */,
				F6D43E2128425FB2000EE0CE /* Data */,
				F6D43E4928427D14000EE0CE /* Resources */,
				F6D43DF22842575B000EE0CE /* Preview Content */,
			);
			path = LifesumCodingChallenge;
			sourceTree = "<group>";
		};
		F6D43DF22842575B000EE0CE /* Preview Content */ = {
			isa = PBXGroup;
			children = (
				F6D43DF32842575B000EE0CE /* Preview Assets.xcassets */,
			);
			path = "Preview Content";
			sourceTree = "<group>";
		};
		F6D43DFC2842575B000EE0CE /* LifesumCodingChallengeTests */ = {
			isa = PBXGroup;
			children = (
				F6D43E802843B2C6000EE0CE /* Presentation */,
				F6D43E7D2843AD0D000EE0CE /* Domain */,
				F6D43E7628439E7D000EE0CE /* Data */,
				F6D43DFD2842575B000EE0CE /* LifesumCodingChallengeTests.swift */,
			);
			path = LifesumCodingChallengeTests;
			sourceTree = "<group>";
		};
		F6D43E062842575B000EE0CE /* LifesumCodingChallengeUITests */ = {
			isa = PBXGroup;
			children = (
				F6D43E072842575B000EE0CE /* LifesumCodingChallengeUITests.swift */,
				F6D43E092842575B000EE0CE /* LifesumCodingChallengeUITestsLaunchTests.swift */,
			);
			path = LifesumCodingChallengeUITests;
			sourceTree = "<group>";
		};
		F6D43E1828425874000EE0CE /* Presentation */ = {
			isa = PBXGroup;
			children = (
				F6D43E5028436E37000EE0CE /* ViewModifiers */,
				F6D43E39284271FE000EE0CE /* Views */,
				F6D43E35284271B3000EE0CE /* UIWindow+DeviceShake.swift */,
			);
			path = Presentation;
			sourceTree = "<group>";
		};
		F6D43E19284258E8000EE0CE /* FoodItemView */ = {
			isa = PBXGroup;
			children = (
				F6D43DEE28425759000EE0CE /* FoodItemView.swift */,
				F6D43E4C2842A023000EE0CE /* FoodCircleView.swift */,
				F6D43E4E2842A0BC000EE0CE /* FoodTableView.swift */,
				F6D43E1A28425A80000EE0CE /* FoodItemViewModel.swift */,
			);
			path = FoodItemView;
			sourceTree = "<group>";
		};
		F6D43E1C28425F30000EE0CE /* Domain */ = {
			isa = PBXGroup;
			children = (
				F6D43E28284266D8000EE0CE /* Model */,
				F6D43E1D28425F61000EE0CE /* GetRandomFoodItemUseCase.swift */,
				F6D43E1F28425F97000EE0CE /* FoodRepository.swift */,
			);
			path = Domain;
			sourceTree = "<group>";
		};
		F6D43E2128425FB2000EE0CE /* Data */ = {
			isa = PBXGroup;
			children = (
				F6D43E2228425FC3000EE0CE /* FoodRepositoryImpl.swift */,
				F6D43E2428426025000EE0CE /* HttpClient.swift */,
				F6D43E26284263E4000EE0CE /* RequestFactory.swift */,
			);
			path = Data;
			sourceTree = "<group>";
		};
		F6D43E28284266D8000EE0CE /* Model */ = {
			isa = PBXGroup;
			children = (
				F6D43E30284267F1000EE0CE /* FoodItem.swift */,
				F6D43E31284267F1000EE0CE /* Meta.swift */,
				F6D43E2F284267F0000EE0CE /* Response.swift */,
			);
			path = Model;
			sourceTree = "<group>";
		};
		F6D43E39284271FE000EE0CE /* Views */ = {
			isa = PBXGroup;
			children = (
				F6D43E3F28427587000EE0CE /* MainView */,
				F6D43E19284258E8000EE0CE /* FoodItemView */,
			);
			path = Views;
			sourceTree = "<group>";
		};
		F6D43E3F28427587000EE0CE /* MainView */ = {
			isa = PBXGroup;
			children = (
				F6D43E4028427598000EE0CE /* MainView.swift */,
				F6D43E42284275C9000EE0CE /* MainViewModel.swift */,
			);
			path = MainView;
			sourceTree = "<group>";
		};
		F6D43E4928427D14000EE0CE /* Resources */ = {
			isa = PBXGroup;
			children = (
				F6D43DF02842575B000EE0CE /* Assets.xcassets */,
				F6D43E4A28427D2B000EE0CE /* Launch Screen.storyboard */,
			);
			path = Resources;
			sourceTree = "<group>";
		};
		F6D43E5028436E37000EE0CE /* ViewModifiers */ = {
			isa = PBXGroup;
			children = (
				F6D43E37284271DE000EE0CE /* DeviceShakeViewModifier.swift */,
				F6D43E5128436E4C000EE0CE /* UnderlineViewModifier.swift */,
				F6D43E53284393B5000EE0CE /* FontViewModifier.swift */,
			);
			path = ViewModifiers;
			sourceTree = "<group>";
		};
		F6D43E7628439E7D000EE0CE /* Data */ = {
			isa = PBXGroup;
			children = (
				F6D43E7728439F61000EE0CE /* HttpClientTests.swift */,
				F6D43E792843A5F5000EE0CE /* RequestFactoryTests.swift */,
				F6D43E7B2843A75A000EE0CE /* FoodRepositoryTests.swift */,
			);
			path = Data;
			sourceTree = "<group>";
		};
		F6D43E7D2843AD0D000EE0CE /* Domain */ = {
			isa = PBXGroup;
			children = (
				F6D43E7E2843AD1C000EE0CE /* GetRandomFoodItemUseCase.swift */,
			);
			path = Domain;
			sourceTree = "<group>";
		};
		F6D43E802843B2C6000EE0CE /* Presentation */ = {
			isa = PBXGroup;
			children = (
				F6D43E812843B2D7000EE0CE /* FoodItemViewModelTests.swift */,
				F6D43E832843B605000EE0CE /* MainViewModelTests.swift */,
			);
			path = Presentation;
			sourceTree = "<group>";
		};
/* End PBXGroup section */

/* Begin PBXNativeTarget section */
		F6D43DE828425759000EE0CE /* LifesumCodingChallenge */ = {
			isa = PBXNativeTarget;
			buildConfigurationList = F6D43E0D2842575B000EE0CE /* Build configuration list for PBXNativeTarget "LifesumCodingChallenge" */;
			buildPhases = (
				F6D43DE528425759000EE0CE /* Sources */,
				F6D43DE628425759000EE0CE /* Frameworks */,
				F6D43DE728425759000EE0CE /* Resources */,
			);
			buildRules = (
			);
			dependencies = (
			);
			name = LifesumCodingChallenge;
			productName = LifesumCodingChallenge;
			productReference = F6D43DE928425759000EE0CE /* LifesumCodingChallenge.app */;
			productType = "com.apple.product-type.application";
		};
		F6D43DF82842575B000EE0CE /* LifesumCodingChallengeTests */ = {
			isa = PBXNativeTarget;
			buildConfigurationList = F6D43E102842575B000EE0CE /* Build configuration list for PBXNativeTarget "LifesumCodingChallengeTests" */;
			buildPhases = (
				F6D43DF52842575B000EE0CE /* Sources */,
				F6D43DF62842575B000EE0CE /* Frameworks */,
				F6D43DF72842575B000EE0CE /* Resources */,
			);
			buildRules = (
			);
			dependencies = (
				F6D43DFB2842575B000EE0CE /* PBXTargetDependency */,
			);
			name = LifesumCodingChallengeTests;
			productName = LifesumCodingChallengeTests;
			productReference = F6D43DF92842575B000EE0CE /* LifesumCodingChallengeTests.xctest */;
			productType = "com.apple.product-type.bundle.unit-test";
		};
		F6D43E022842575B000EE0CE /* LifesumCodingChallengeUITests */ = {
			isa = PBXNativeTarget;
			buildConfigurationList = F6D43E132842575B000EE0CE /* Build configuration list for PBXNativeTarget "LifesumCodingChallengeUITests" */;
			buildPhases = (
				F6D43DFF2842575B000EE0CE /* Sources */,
				F6D43E002842575B000EE0CE /* Frameworks */,
				F6D43E012842575B000EE0CE /* Resources */,
			);
			buildRules = (
			);
			dependencies = (
				F6D43E052842575B000EE0CE /* PBXTargetDependency */,
			);
			name = LifesumCodingChallengeUITests;
			productName = LifesumCodingChallengeUITests;
			productReference = F6D43E032842575B000EE0CE /* LifesumCodingChallengeUITests.xctest */;
			productType = "com.apple.product-type.bundle.ui-testing";
		};
/* End PBXNativeTarget section */

/* Begin PBXProject section */
		F6D43DE128425759000EE0CE /* Project object */ = {
			isa = PBXProject;
			attributes = {
				BuildIndependentTargetsInParallel = 1;
				LastSwiftUpdateCheck = 1320;
				LastUpgradeCheck = 1320;
				TargetAttributes = {
					F6D43DE828425759000EE0CE = {
						CreatedOnToolsVersion = 13.2.1;
					};
					F6D43DF82842575B000EE0CE = {
						CreatedOnToolsVersion = 13.2.1;
						TestTargetID = F6D43DE828425759000EE0CE;
					};
					F6D43E022842575B000EE0CE = {
						CreatedOnToolsVersion = 13.2.1;
						TestTargetID = F6D43DE828425759000EE0CE;
					};
				};
			};
			buildConfigurationList = F6D43DE428425759000EE0CE /* Build configuration list for PBXProject "LifesumCodingChallenge" */;
			compatibilityVersion = "Xcode 13.0";
			developmentRegion = en;
			hasScannedForEncodings = 0;
			knownRegions = (
				en,
				Base,
			);
			mainGroup = F6D43DE028425759000EE0CE;
			productRefGroup = F6D43DEA28425759000EE0CE /* Products */;
			projectDirPath = "";
			projectRoot = "";
			targets = (
				F6D43DE828425759000EE0CE /* LifesumCodingChallenge */,
				F6D43DF82842575B000EE0CE /* LifesumCodingChallengeTests */,
				F6D43E022842575B000EE0CE /* LifesumCodingChallengeUITests */,
			);
		};
/* End PBXProject section */

/* Begin PBXResourcesBuildPhase section */
		F6D43DE728425759000EE0CE /* Resources */ = {
			isa = PBXResourcesBuildPhase;
			buildActionMask = 2147483647;
			files = (
				F6D43E4B28427D2B000EE0CE /* Launch Screen.storyboard in Resources */,
				F6D43DF42842575B000EE0CE /* Preview Assets.xcassets in Resources */,
				F6D43DF12842575B000EE0CE /* Assets.xcassets in Resources */,
			);
			runOnlyForDeploymentPostprocessing = 0;
		};
		F6D43DF72842575B000EE0CE /* Resources */ = {
			isa = PBXResourcesBuildPhase;
			buildActionMask = 2147483647;
			files = (
			);
			runOnlyForDeploymentPostprocessing = 0;
		};
		F6D43E012842575B000EE0CE /* Resources */ = {
			isa = PBXResourcesBuildPhase;
			buildActionMask = 2147483647;
			files = (
			);
			runOnlyForDeploymentPostprocessing = 0;
		};
/* End PBXResourcesBuildPhase section */

/* Begin PBXSourcesBuildPhase section */
		F6D43DE528425759000EE0CE /* Sources */ = {
			isa = PBXSourcesBuildPhase;
			buildActionMask = 2147483647;
			files = (
				F6D43E4F2842A0BC000EE0CE /* FoodTableView.swift in Sources */,
				F6D43E4D2842A024000EE0CE /* FoodCircleView.swift in Sources */,
				F6D43E54284393B5000EE0CE /* FontViewModifier.swift in Sources */,
				F6D43DEF28425759000EE0CE /* FoodItemView.swift in Sources */,
				F6D43E4128427598000EE0CE /* MainView.swift in Sources */,
				F6D43E4728427882000EE0CE /* AppDelegate.swift in Sources */,
				F6D43E452842781D000EE0CE /* AppConfigurator.swift in Sources */,
				F6D43E2328425FC3000EE0CE /* FoodRepositoryImpl.swift in Sources */,
				F6D43E36284271B3000EE0CE /* UIWindow+DeviceShake.swift in Sources */,
				F6D43E1B28425A80000EE0CE /* FoodItemViewModel.swift in Sources */,
				F6D43E1E28425F61000EE0CE /* GetRandomFoodItemUseCase.swift in Sources */,
				F6D43E3E2842744D000EE0CE /* SceneDelegate.swift in Sources */,
				F6D43E34284267F1000EE0CE /* Meta.swift in Sources */,
				F6D43E43284275C9000EE0CE /* MainViewModel.swift in Sources */,
				F6D43E33284267F1000EE0CE /* FoodItem.swift in Sources */,
				F6D43E32284267F1000EE0CE /* Response.swift in Sources */,
				F6D43E5228436E4D000EE0CE /* UnderlineViewModifier.swift in Sources */,
				F6D43E2528426025000EE0CE /* HttpClient.swift in Sources */,
				F6D43E38284271DE000EE0CE /* DeviceShakeViewModifier.swift in Sources */,
				F6D43E27284263E4000EE0CE /* RequestFactory.swift in Sources */,
				F6D43E2028425F97000EE0CE /* FoodRepository.swift in Sources */,
			);
			runOnlyForDeploymentPostprocessing = 0;
		};
		F6D43DF52842575B000EE0CE /* Sources */ = {
			isa = PBXSourcesBuildPhase;
			buildActionMask = 2147483647;
			files = (
				F6D43E7828439F61000EE0CE /* HttpClientTests.swift in Sources */,
				F6D43E822843B2D7000EE0CE /* FoodItemViewModelTests.swift in Sources */,
				F6D43DFE2842575B000EE0CE /* LifesumCodingChallengeTests.swift in Sources */,
				F6D43E842843B605000EE0CE /* MainViewModelTests.swift in Sources */,
				F6D43E7A2843A5F5000EE0CE /* RequestFactoryTests.swift in Sources */,
				F6D43E7C2843A75A000EE0CE /* FoodRepositoryTests.swift in Sources */,
				F6D43E7F2843AD1C000EE0CE /* GetRandomFoodItemUseCase.swift in Sources */,
			);
			runOnlyForDeploymentPostprocessing = 0;
		};
		F6D43DFF2842575B000EE0CE /* Sources */ = {
			isa = PBXSourcesBuildPhase;
			buildActionMask = 2147483647;
			files = (
				F6D43E0A2842575B000EE0CE /* LifesumCodingChallengeUITestsLaunchTests.swift in Sources */,
				F6D43E082842575B000EE0CE /* LifesumCodingChallengeUITests.swift in Sources */,
			);
			runOnlyForDeploymentPostprocessing = 0;
		};
/* End PBXSourcesBuildPhase section */

/* Begin PBXTargetDependency section */
		F6D43DFB2842575B000EE0CE /* PBXTargetDependency */ = {
			isa = PBXTargetDependency;
			target = F6D43DE828425759000EE0CE /* LifesumCodingChallenge */;
			targetProxy = F6D43DFA2842575B000EE0CE /* PBXContainerItemProxy */;
		};
		F6D43E052842575B000EE0CE /* PBXTargetDependency */ = {
			isa = PBXTargetDependency;
			target = F6D43DE828425759000EE0CE /* LifesumCodingChallenge */;
			targetProxy = F6D43E042842575B000EE0CE /* PBXContainerItemProxy */;
		};
/* End PBXTargetDependency section */

/* Begin XCBuildConfiguration section */
		F6D43E0B2842575B000EE0CE /* Debug */ = {
			isa = XCBuildConfiguration;
			buildSettings = {
				ALWAYS_SEARCH_USER_PATHS = NO;
				CLANG_ANALYZER_NONNULL = YES;
				CLANG_ANALYZER_NUMBER_OBJECT_CONVERSION = YES_AGGRESSIVE;
				CLANG_CXX_LANGUAGE_STANDARD = "gnu++17";
				CLANG_CXX_LIBRARY = "libc++";
				CLANG_ENABLE_MODULES = YES;
				CLANG_ENABLE_OBJC_ARC = YES;
				CLANG_ENABLE_OBJC_WEAK = YES;
				CLANG_WARN_BLOCK_CAPTURE_AUTORELEASING = YES;
				CLANG_WARN_BOOL_CONVERSION = YES;
				CLANG_WARN_COMMA = YES;
				CLANG_WARN_CONSTANT_CONVERSION = YES;
				CLANG_WARN_DEPRECATED_OBJC_IMPLEMENTATIONS = YES;
				CLANG_WARN_DIRECT_OBJC_ISA_USAGE = YES_ERROR;
				CLANG_WARN_DOCUMENTATION_COMMENTS = YES;
				CLANG_WARN_EMPTY_BODY = YES;
				CLANG_WARN_ENUM_CONVERSION = YES;
				CLANG_WARN_INFINITE_RECURSION = YES;
				CLANG_WARN_INT_CONVERSION = YES;
				CLANG_WARN_NON_LITERAL_NULL_CONVERSION = YES;
				CLANG_WARN_OBJC_IMPLICIT_RETAIN_SELF = YES;
				CLANG_WARN_OBJC_LITERAL_CONVERSION = YES;
				CLANG_WARN_OBJC_ROOT_CLASS = YES_ERROR;
				CLANG_WARN_QUOTED_INCLUDE_IN_FRAMEWORK_HEADER = YES;
				CLANG_WARN_RANGE_LOOP_ANALYSIS = YES;
				CLANG_WARN_STRICT_PROTOTYPES = YES;
				CLANG_WARN_SUSPICIOUS_MOVE = YES;
				CLANG_WARN_UNGUARDED_AVAILABILITY = YES_AGGRESSIVE;
				CLANG_WARN_UNREACHABLE_CODE = YES;
				CLANG_WARN__DUPLICATE_METHOD_MATCH = YES;
				COPY_PHASE_STRIP = NO;
				DEBUG_INFORMATION_FORMAT = dwarf;
				ENABLE_STRICT_OBJC_MSGSEND = YES;
				ENABLE_TESTABILITY = YES;
				GCC_C_LANGUAGE_STANDARD = gnu11;
				GCC_DYNAMIC_NO_PIC = NO;
				GCC_NO_COMMON_BLOCKS = YES;
				GCC_OPTIMIZATION_LEVEL = 0;
				GCC_PREPROCESSOR_DEFINITIONS = (
					"DEBUG=1",
					"$(inherited)",
				);
				GCC_WARN_64_TO_32_BIT_CONVERSION = YES;
				GCC_WARN_ABOUT_RETURN_TYPE = YES_ERROR;
				GCC_WARN_UNDECLARED_SELECTOR = YES;
				GCC_WARN_UNINITIALIZED_AUTOS = YES_AGGRESSIVE;
				GCC_WARN_UNUSED_FUNCTION = YES;
				GCC_WARN_UNUSED_VARIABLE = YES;
				IPHONEOS_DEPLOYMENT_TARGET = 15.2;
				MTL_ENABLE_DEBUG_INFO = INCLUDE_SOURCE;
				MTL_FAST_MATH = YES;
				ONLY_ACTIVE_ARCH = YES;
				SDKROOT = iphoneos;
				SWIFT_ACTIVE_COMPILATION_CONDITIONS = DEBUG;
				SWIFT_OPTIMIZATION_LEVEL = "-Onone";
			};
			name = Debug;
		};
		F6D43E0C2842575B000EE0CE /* Release */ = {
			isa = XCBuildConfiguration;
			buildSettings = {
				ALWAYS_SEARCH_USER_PATHS = NO;
				CLANG_ANALYZER_NONNULL = YES;
				CLANG_ANALYZER_NUMBER_OBJECT_CONVERSION = YES_AGGRESSIVE;
				CLANG_CXX_LANGUAGE_STANDARD = "gnu++17";
				CLANG_CXX_LIBRARY = "libc++";
				CLANG_ENABLE_MODULES = YES;
				CLANG_ENABLE_OBJC_ARC = YES;
				CLANG_ENABLE_OBJC_WEAK = YES;
				CLANG_WARN_BLOCK_CAPTURE_AUTORELEASING = YES;
				CLANG_WARN_BOOL_CONVERSION = YES;
				CLANG_WARN_COMMA = YES;
				CLANG_WARN_CONSTANT_CONVERSION = YES;
				CLANG_WARN_DEPRECATED_OBJC_IMPLEMENTATIONS = YES;
				CLANG_WARN_DIRECT_OBJC_ISA_USAGE = YES_ERROR;
				CLANG_WARN_DOCUMENTATION_COMMENTS = YES;
				CLANG_WARN_EMPTY_BODY = YES;
				CLANG_WARN_ENUM_CONVERSION = YES;
				CLANG_WARN_INFINITE_RECURSION = YES;
				CLANG_WARN_INT_CONVERSION = YES;
				CLANG_WARN_NON_LITERAL_NULL_CONVERSION = YES;
				CLANG_WARN_OBJC_IMPLICIT_RETAIN_SELF = YES;
				CLANG_WARN_OBJC_LITERAL_CONVERSION = YES;
				CLANG_WARN_OBJC_ROOT_CLASS = YES_ERROR;
				CLANG_WARN_QUOTED_INCLUDE_IN_FRAMEWORK_HEADER = YES;
				CLANG_WARN_RANGE_LOOP_ANALYSIS = YES;
				CLANG_WARN_STRICT_PROTOTYPES = YES;
				CLANG_WARN_SUSPICIOUS_MOVE = YES;
				CLANG_WARN_UNGUARDED_AVAILABILITY = YES_AGGRESSIVE;
				CLANG_WARN_UNREACHABLE_CODE = YES;
				CLANG_WARN__DUPLICATE_METHOD_MATCH = YES;
				COPY_PHASE_STRIP = NO;
				DEBUG_INFORMATION_FORMAT = "dwarf-with-dsym";
				ENABLE_NS_ASSERTIONS = NO;
				ENABLE_STRICT_OBJC_MSGSEND = YES;
				GCC_C_LANGUAGE_STANDARD = gnu11;
				GCC_NO_COMMON_BLOCKS = YES;
				GCC_WARN_64_TO_32_BIT_CONVERSION = YES;
				GCC_WARN_ABOUT_RETURN_TYPE = YES_ERROR;
				GCC_WARN_UNDECLARED_SELECTOR = YES;
				GCC_WARN_UNINITIALIZED_AUTOS = YES_AGGRESSIVE;
				GCC_WARN_UNUSED_FUNCTION = YES;
				GCC_WARN_UNUSED_VARIABLE = YES;
				IPHONEOS_DEPLOYMENT_TARGET = 15.2;
				MTL_ENABLE_DEBUG_INFO = NO;
				MTL_FAST_MATH = YES;
				SDKROOT = iphoneos;
				SWIFT_COMPILATION_MODE = wholemodule;
				SWIFT_OPTIMIZATION_LEVEL = "-O";
				VALIDATE_PRODUCT = YES;
			};
			name = Release;
		};
		F6D43E0E2842575B000EE0CE /* Debug */ = {
			isa = XCBuildConfiguration;
			buildSettings = {
				ASSETCATALOG_COMPILER_APPICON_NAME = AppIcon;
				ASSETCATALOG_COMPILER_GLOBAL_ACCENT_COLOR_NAME = AccentColor;
				CODE_SIGN_STYLE = Automatic;
				CURRENT_PROJECT_VERSION = 1;
				DEVELOPMENT_ASSET_PATHS = "\"LifesumCodingChallenge/Preview Content\"";
				DEVELOPMENT_TEAM = XU9HMXXRJX;
				ENABLE_PREVIEWS = YES;
				GENERATE_INFOPLIST_FILE = YES;
				INFOPLIST_FILE = LifesumCodingChallenge/Info.plist;
				INFOPLIST_KEY_UIApplicationSupportsIndirectInputEvents = YES;
				INFOPLIST_KEY_UILaunchStoryboardName = LaunchScreen;
				INFOPLIST_KEY_UISupportedInterfaceOrientations_iPad = "UIInterfaceOrientationPortrait UIInterfaceOrientationPortraitUpsideDown UIInterfaceOrientationLandscapeLeft UIInterfaceOrientationLandscapeRight";
				INFOPLIST_KEY_UISupportedInterfaceOrientations_iPhone = "UIInterfaceOrientationPortrait UIInterfaceOrientationLandscapeLeft UIInterfaceOrientationLandscapeRight";
				LD_RUNPATH_SEARCH_PATHS = (
					"$(inherited)",
					"@executable_path/Frameworks",
				);
				MARKETING_VERSION = 1.0;
				PRODUCT_BUNDLE_IDENTIFIER = techtailor.LifesumCodingChallenge;
				PRODUCT_NAME = "$(TARGET_NAME)";
				SWIFT_EMIT_LOC_STRINGS = YES;
				SWIFT_VERSION = 5.0;
				TARGETED_DEVICE_FAMILY = "1,2";
			};
			name = Debug;
		};
		F6D43E0F2842575B000EE0CE /* Release */ = {
			isa = XCBuildConfiguration;
			buildSettings = {
				ASSETCATALOG_COMPILER_APPICON_NAME = AppIcon;
				ASSETCATALOG_COMPILER_GLOBAL_ACCENT_COLOR_NAME = AccentColor;
				CODE_SIGN_STYLE = Automatic;
				CURRENT_PROJECT_VERSION = 1;
				DEVELOPMENT_ASSET_PATHS = "\"LifesumCodingChallenge/Preview Content\"";
				DEVELOPMENT_TEAM = XU9HMXXRJX;
				ENABLE_PREVIEWS = YES;
				GENERATE_INFOPLIST_FILE = YES;
				INFOPLIST_FILE = LifesumCodingChallenge/Info.plist;
				INFOPLIST_KEY_UIApplicationSupportsIndirectInputEvents = YES;
				INFOPLIST_KEY_UILaunchStoryboardName = LaunchScreen;
				INFOPLIST_KEY_UISupportedInterfaceOrientations_iPad = "UIInterfaceOrientationPortrait UIInterfaceOrientationPortraitUpsideDown UIInterfaceOrientationLandscapeLeft UIInterfaceOrientationLandscapeRight";
				INFOPLIST_KEY_UISupportedInterfaceOrientations_iPhone = "UIInterfaceOrientationPortrait UIInterfaceOrientationLandscapeLeft UIInterfaceOrientationLandscapeRight";
				LD_RUNPATH_SEARCH_PATHS = (
					"$(inherited)",
					"@executable_path/Frameworks",
				);
				MARKETING_VERSION = 1.0;
				PRODUCT_BUNDLE_IDENTIFIER = techtailor.LifesumCodingChallenge;
				PRODUCT_NAME = "$(TARGET_NAME)";
				SWIFT_EMIT_LOC_STRINGS = YES;
				SWIFT_VERSION = 5.0;
				TARGETED_DEVICE_FAMILY = "1,2";
			};
			name = Release;
		};
		F6D43E112842575B000EE0CE /* Debug */ = {
			isa = XCBuildConfiguration;
			buildSettings = {
				ALWAYS_EMBED_SWIFT_STANDARD_LIBRARIES = YES;
				BUNDLE_LOADER = "$(TEST_HOST)";
				CODE_SIGN_STYLE = Automatic;
				CURRENT_PROJECT_VERSION = 1;
				GENERATE_INFOPLIST_FILE = YES;
				IPHONEOS_DEPLOYMENT_TARGET = 15.2;
				MARKETING_VERSION = 1.0;
				PRODUCT_BUNDLE_IDENTIFIER = techtailor.LifesumCodingChallengeTests;
				PRODUCT_NAME = "$(TARGET_NAME)";
				SWIFT_EMIT_LOC_STRINGS = NO;
				SWIFT_VERSION = 5.0;
				TARGETED_DEVICE_FAMILY = "1,2";
				TEST_HOST = "$(BUILT_PRODUCTS_DIR)/LifesumCodingChallenge.app/LifesumCodingChallenge";
			};
			name = Debug;
		};
		F6D43E122842575B000EE0CE /* Release */ = {
			isa = XCBuildConfiguration;
			buildSettings = {
				ALWAYS_EMBED_SWIFT_STANDARD_LIBRARIES = YES;
				BUNDLE_LOADER = "$(TEST_HOST)";
				CODE_SIGN_STYLE = Automatic;
				CURRENT_PROJECT_VERSION = 1;
				GENERATE_INFOPLIST_FILE = YES;
				IPHONEOS_DEPLOYMENT_TARGET = 15.2;
				MARKETING_VERSION = 1.0;
				PRODUCT_BUNDLE_IDENTIFIER = techtailor.LifesumCodingChallengeTests;
				PRODUCT_NAME = "$(TARGET_NAME)";
				SWIFT_EMIT_LOC_STRINGS = NO;
				SWIFT_VERSION = 5.0;
				TARGETED_DEVICE_FAMILY = "1,2";
				TEST_HOST = "$(BUILT_PRODUCTS_DIR)/LifesumCodingChallenge.app/LifesumCodingChallenge";
			};
			name = Release;
		};
		F6D43E142842575B000EE0CE /* Debug */ = {
			isa = XCBuildConfiguration;
			buildSettings = {
				ALWAYS_EMBED_SWIFT_STANDARD_LIBRARIES = YES;
				CODE_SIGN_STYLE = Automatic;
				CURRENT_PROJECT_VERSION = 1;
				GENERATE_INFOPLIST_FILE = YES;
				MARKETING_VERSION = 1.0;
				PRODUCT_BUNDLE_IDENTIFIER = techtailor.LifesumCodingChallengeUITests;
				PRODUCT_NAME = "$(TARGET_NAME)";
				SWIFT_EMIT_LOC_STRINGS = NO;
				SWIFT_VERSION = 5.0;
				TARGETED_DEVICE_FAMILY = "1,2";
				TEST_TARGET_NAME = LifesumCodingChallenge;
			};
			name = Debug;
		};
		F6D43E152842575B000EE0CE /* Release */ = {
			isa = XCBuildConfiguration;
			buildSettings = {
				ALWAYS_EMBED_SWIFT_STANDARD_LIBRARIES = YES;
				CODE_SIGN_STYLE = Automatic;
				CURRENT_PROJECT_VERSION = 1;
				GENERATE_INFOPLIST_FILE = YES;
				MARKETING_VERSION = 1.0;
				PRODUCT_BUNDLE_IDENTIFIER = techtailor.LifesumCodingChallengeUITests;
				PRODUCT_NAME = "$(TARGET_NAME)";
				SWIFT_EMIT_LOC_STRINGS = NO;
				SWIFT_VERSION = 5.0;
				TARGETED_DEVICE_FAMILY = "1,2";
				TEST_TARGET_NAME = LifesumCodingChallenge;
			};
			name = Release;
		};
/* End XCBuildConfiguration section */

/* Begin XCConfigurationList section */
		F6D43DE428425759000EE0CE /* Build configuration list for PBXProject "LifesumCodingChallenge" */ = {
			isa = XCConfigurationList;
			buildConfigurations = (
				F6D43E0B2842575B000EE0CE /* Debug */,
				F6D43E0C2842575B000EE0CE /* Release */,
			);
			defaultConfigurationIsVisible = 0;
			defaultConfigurationName = Release;
		};
		F6D43E0D2842575B000EE0CE /* Build configuration list for PBXNativeTarget "LifesumCodingChallenge" */ = {
			isa = XCConfigurationList;
			buildConfigurations = (
				F6D43E0E2842575B000EE0CE /* Debug */,
				F6D43E0F2842575B000EE0CE /* Release */,
			);
			defaultConfigurationIsVisible = 0;
			defaultConfigurationName = Release;
		};
		F6D43E102842575B000EE0CE /* Build configuration list for PBXNativeTarget "LifesumCodingChallengeTests" */ = {
			isa = XCConfigurationList;
			buildConfigurations = (
				F6D43E112842575B000EE0CE /* Debug */,
				F6D43E122842575B000EE0CE /* Release */,
			);
			defaultConfigurationIsVisible = 0;
			defaultConfigurationName = Release;
		};
		F6D43E132842575B000EE0CE /* Build configuration list for PBXNativeTarget "LifesumCodingChallengeUITests" */ = {
			isa = XCConfigurationList;
			buildConfigurations = (
				F6D43E142842575B000EE0CE /* Debug */,
				F6D43E152842575B000EE0CE /* Release */,
			);
			defaultConfigurationIsVisible = 0;
			defaultConfigurationName = Release;
		};
/* End XCConfigurationList section */
	};
	rootObject = F6D43DE128425759000EE0CE /* Project object */;
}
